
Microsoft Visual Studio Solution File, Format Version 12.00
# Visual Studio Version 16
VisualStudioVersion = 16.0.31105.61
MinimumVisualStudioVersion = 10.0.40219.1
Project("{FAE04EC0-301F-11D3-BF4B-00C04F79EFBC}") = "DerryLibraryBlazorApp", "DerryLibraryBlazorApp\DerryLibraryBlazorApp.csproj", "{4F5D5470-22BD-40CC-96E6-3EB7ACC89464}"
EndProject
Project("{FAE04EC0-301F-11D3-BF4B-00C04F79EFBC}") = "DerryLibraryAPI", "DerryLibraryAPI\DerryLibraryAPI.csproj", "{37F584F4-1DCB-4A86-B647-E2C299DDDC3C}"
EndProject
Global
	GlobalSection(SolutionConfigurationPlatforms) = preSolution
		Debug|Any CPU = Debug|Any CPU
		Release|Any CPU = Release|Any CPU
	EndGlobalSection
	GlobalSection(ProjectConfigurationPlatforms) = postSolution
		{4F5D5470-22BD-40CC-96E6-3EB7ACC89464}.Debug|Any CPU.ActiveCfg = Debug|Any CPU
		{4F5D5470-22BD-40CC-96E6-3EB7ACC89464}.Debug|Any CPU.Build.0 = Debug|Any CPU
		{4F5D5470-22BD-40CC-96E6-3EB7ACC89464}.Release|Any CPU.ActiveCfg = Release|Any CPU
		{4F5D5470-22BD-40CC-96E6-3EB7ACC89464}.Release|Any CPU.Build.0 = Release|Any CPU
		{37F584F4-1DCB-4A86-B647-E2C299DDDC3C}.Debug|Any CPU.ActiveCfg = Debug|Any CPU
		{37F584F4-1DCB-4A86-B647-E2C299DDDC3C}.Debug|Any CPU.Build.0 = Debug|Any CPU
		{37F584F4-1DCB-4A86-B647-E2C299DDDC3C}.Release|Any CPU.ActiveCfg = Release|Any CPU
		{37F584F4-1DCB-4A86-B647-E2C299DDDC3C}.Release|Any CPU.Build.0 = Release|Any CPU
	EndGlobalSection
	GlobalSection(SolutionProperties) = preSolution
		HideSolutionNode = FALSE
	EndGlobalSection
	GlobalSection(ExtensibilityGlobals) = postSolution
		SolutionGuid = {BDCE4A70-B647-4440-B733-66AAD06FC0E4}
	EndGlobalSection
EndGlobal
